PODS:
  - AppDynamicsAgent (45.4.1362)

DEPENDENCIES:
  - AppDynamicsAgent

SPEC REPOS:
  https://github.com/cocoapods/specs.git:
    - AppDynamicsAgent

SPEC CHECKSUMS:
  AppDynamicsAgent: 39505e87a1782698583b5c30046ceb9d87001345

PODFILE CHECKSUM: 0dde6fa6a34f217621d736750531df619ee594c4

COCOAPODS: 1.5.3
